
Microsoft Visual Studio Solution File, Format Version 12.00
# Visual Studio 15
VisualStudioVersion = 15.0.25928.0
MinimumVisualStudioVersion = 10.0.40219.1
Project("{F5034706-568F-408A-B7B3-4D38C6DB8A32}") = "vsts-tfvc-checkin", "vsts-tfvc-checkin\vsts-tfvc-checkin.pssproj", "{6CAFC0C6-A428-4D30-A9F9-700E829FEA51}"
EndProject
Project("{F5034706-568F-408A-B7B3-4D38C6DB8A32}") = "vsts-tfvc-add", "vsts-tfvc-add\vsts-tfvc-add.pssproj", "{DC2657DC-798F-48AE-9718-21A8F63D4DF9}"
EndProject
Project("{2150E333-8FDC-42A3-9474-1A3956D46DE8}") = "Documentation", "Documentation", "{85F96213-5992-4BB1-99AB-03AAE44DC2DB}"
	ProjectSection(SolutionItems) = preProject
		License.txt = License.txt
		README.md = README.md
	EndProjectSection
EndProject
Project("{2150E333-8FDC-42A3-9474-1A3956D46DE8}") = "Extension", "Extension", "{C899F09A-AFF7-46A0-A679-BC2FE80B1D12}"
	ProjectSection(SolutionItems) = preProject
		extension\extension-overview.md = extension\extension-overview.md
		readme.md = readme.md
		vss-extension.json = vss-extension.json
	EndProjectSection
EndProject
Project("{2150E333-8FDC-42A3-9474-1A3956D46DE8}") = "Images", "Images", "{ADFB1042-D16B-4621-900A-CFB227C18EA0}"
	ProjectSection(SolutionItems) = preProject
		extension\images\donate.png = extension\images\donate.png
		extension\Images\extension-icon.png = extension\Images\extension-icon.png
		extension\Images\icons-small.psd = extension\Images\icons-small.psd
		extension\Images\icons.psd = extension\Images\icons.psd
	EndProjectSection
EndProject
Project("{2150E333-8FDC-42A3-9474-1A3956D46DE8}") = "Screenshots", "Screenshots", "{1FC9630F-42C8-416D-8D55-EE63BF92B0AA}"
	ProjectSection(SolutionItems) = preProject
		extension\Images\Screenshots\tfvc-add.png = extension\Images\Screenshots\tfvc-add.png
		extension\Images\Screenshots\tfvc-checkin.png = extension\Images\Screenshots\tfvc-checkin.png
		extension\Images\Screenshots\tfvc-tasks.png = extension\Images\Screenshots\tfvc-tasks.png
	EndProjectSection
EndProject
Project("{2150E333-8FDC-42A3-9474-1A3956D46DE8}") = "Licenses", "Licenses", "{E242DC7E-1E06-46CF-9444-BC636897F622}"
	ProjectSection(SolutionItems) = preProject
		extension\Licenses\vso-agent-tasks-license.txt = extension\Licenses\vso-agent-tasks-license.txt
	EndProjectSection
EndProject
Project("{2150E333-8FDC-42A3-9474-1A3956D46DE8}") = "Solution Items", "Solution Items", "{76607A2E-B176-45F4-8452-181A5FF89EC4}"
	ProjectSection(SolutionItems) = preProject
		.gitIgnore = .gitIgnore
		commands.json = commands.json
		Pre-Build.ps1 = Pre-Build.ps1
		vsts-tfvc-tasks.vsext = vsts-tfvc-tasks.vsext
	EndProjectSection
EndProject
Project("{F5034706-568F-408A-B7B3-4D38C6DB8A32}") = "vsts-tfvc-delete", "vsts-tfvc-delete\vsts-tfvc-delete.pssproj", "{3404EFA2-13F6-448E-ABF7-6E2CB6DCF628}"
EndProject
Project("{F5034706-568F-408A-B7B3-4D38C6DB8A32}") = "vsts-tfvc-shared", "vsts-tfvc-shared\vsts-tfvc-shared.pssproj", "{16A16F58-43D5-40BA-910C-F9B98BE1C30C}"
EndProject
Project("{F5034706-568F-408A-B7B3-4D38C6DB8A32}") = "vsts-tfvc-undo", "vsts-tfvc-undo\vsts-tfvc-undo.pssproj", "{661AFDF5-A6F0-4603-B9A3-A2F899A786B1}"
EndProject
Project("{F5034706-568F-408A-B7B3-4D38C6DB8A32}") = "vsts-tfvc-updateshelveset", "vsts-tfvc-updateshelveset\vsts-tfvc-updateshelveset.pssproj", "{09311BEB-4FE8-4795-A927-ED72709BE4AA}"
EndProject
Project("{F5034706-568F-408A-B7B3-4D38C6DB8A32}") = "vsts-tfvc-checkout", "vsts-tfvc-checkout\vsts-tfvc-checkout.pssproj", "{EFDE6A51-7545-4E59-9448-32E2ACA21F1A}"
EndProject
Global
	GlobalSection(SolutionConfigurationPlatforms) = preSolution
		Debug|Any CPU = Debug|Any CPU
		Release|Any CPU = Release|Any CPU
	EndGlobalSection
	GlobalSection(ProjectConfigurationPlatforms) = postSolution
		{6CAFC0C6-A428-4D30-A9F9-700E829FEA51}.Debug|Any CPU.ActiveCfg = Debug|Any CPU
		{6CAFC0C6-A428-4D30-A9F9-700E829FEA51}.Debug|Any CPU.Build.0 = Debug|Any CPU
		{6CAFC0C6-A428-4D30-A9F9-700E829FEA51}.Release|Any CPU.ActiveCfg = Release|Any CPU
		{6CAFC0C6-A428-4D30-A9F9-700E829FEA51}.Release|Any CPU.Build.0 = Release|Any CPU
		{DC2657DC-798F-48AE-9718-21A8F63D4DF9}.Debug|Any CPU.ActiveCfg = Debug|Any CPU
		{DC2657DC-798F-48AE-9718-21A8F63D4DF9}.Debug|Any CPU.Build.0 = Debug|Any CPU
		{DC2657DC-798F-48AE-9718-21A8F63D4DF9}.Release|Any CPU.ActiveCfg = Release|Any CPU
		{DC2657DC-798F-48AE-9718-21A8F63D4DF9}.Release|Any CPU.Build.0 = Release|Any CPU
		{3404EFA2-13F6-448E-ABF7-6E2CB6DCF628}.Debug|Any CPU.ActiveCfg = Debug|Any CPU
		{3404EFA2-13F6-448E-ABF7-6E2CB6DCF628}.Debug|Any CPU.Build.0 = Debug|Any CPU
		{3404EFA2-13F6-448E-ABF7-6E2CB6DCF628}.Release|Any CPU.ActiveCfg = Release|Any CPU
		{3404EFA2-13F6-448E-ABF7-6E2CB6DCF628}.Release|Any CPU.Build.0 = Release|Any CPU
		{16A16F58-43D5-40BA-910C-F9B98BE1C30C}.Debug|Any CPU.ActiveCfg = Debug|Any CPU
		{16A16F58-43D5-40BA-910C-F9B98BE1C30C}.Debug|Any CPU.Build.0 = Debug|Any CPU
		{16A16F58-43D5-40BA-910C-F9B98BE1C30C}.Release|Any CPU.ActiveCfg = Release|Any CPU
		{16A16F58-43D5-40BA-910C-F9B98BE1C30C}.Release|Any CPU.Build.0 = Release|Any CPU
		{661AFDF5-A6F0-4603-B9A3-A2F899A786B1}.Debug|Any CPU.ActiveCfg = Debug|Any CPU
		{661AFDF5-A6F0-4603-B9A3-A2F899A786B1}.Debug|Any CPU.Build.0 = Debug|Any CPU
		{661AFDF5-A6F0-4603-B9A3-A2F899A786B1}.Release|Any CPU.ActiveCfg = Release|Any CPU
		{661AFDF5-A6F0-4603-B9A3-A2F899A786B1}.Release|Any CPU.Build.0 = Release|Any CPU
		{09311BEB-4FE8-4795-A927-ED72709BE4AA}.Debug|Any CPU.ActiveCfg = Debug|Any CPU
		{09311BEB-4FE8-4795-A927-ED72709BE4AA}.Debug|Any CPU.Build.0 = Debug|Any CPU
		{09311BEB-4FE8-4795-A927-ED72709BE4AA}.Release|Any CPU.ActiveCfg = Release|Any CPU
		{09311BEB-4FE8-4795-A927-ED72709BE4AA}.Release|Any CPU.Build.0 = Release|Any CPU
		{EFDE6A51-7545-4E59-9448-32E2ACA21F1A}.Debug|Any CPU.ActiveCfg = Debug|Any CPU
		{EFDE6A51-7545-4E59-9448-32E2ACA21F1A}.Debug|Any CPU.Build.0 = Debug|Any CPU
		{EFDE6A51-7545-4E59-9448-32E2ACA21F1A}.Release|Any CPU.ActiveCfg = Release|Any CPU
		{EFDE6A51-7545-4E59-9448-32E2ACA21F1A}.Release|Any CPU.Build.0 = Release|Any CPU
	EndGlobalSection
	GlobalSection(SolutionProperties) = preSolution
		HideSolutionNode = FALSE
	EndGlobalSection
	GlobalSection(NestedProjects) = preSolution
		{ADFB1042-D16B-4621-900A-CFB227C18EA0} = {C899F09A-AFF7-46A0-A679-BC2FE80B1D12}
		{1FC9630F-42C8-416D-8D55-EE63BF92B0AA} = {ADFB1042-D16B-4621-900A-CFB227C18EA0}
		{E242DC7E-1E06-46CF-9444-BC636897F622} = {C899F09A-AFF7-46A0-A679-BC2FE80B1D12}
	EndGlobalSection
EndGlobal
